
Microsoft Visual Studio Solution File, Format Version 12.00
# Visual Studio Version 16
VisualStudioVersion = 16.0.28803.452
MinimumVisualStudioVersion = 10.0.40219.1
Project("{FAE04EC0-301F-11D3-BF4B-00C04F79EFBC}") = "Cat_Postings", "Cat_Postings\Cat_Postings.csproj", "{B3E409E4-D8EA-43C8-A8C9-35F15CE913EA}"
EndProject
Global
	GlobalSection(SolutionConfigurationPlatforms) = preSolution
		Debug|Any CPU = Debug|Any CPU
		Release|Any CPU = Release|Any CPU
	EndGlobalSection
	GlobalSection(ProjectConfigurationPlatforms) = postSolution
		{B3E409E4-D8EA-43C8-A8C9-35F15CE913EA}.Debug|Any CPU.ActiveCfg = Debug|Any CPU
		{B3E409E4-D8EA-43C8-A8C9-35F15CE913EA}.Debug|Any CPU.Build.0 = Debug|Any CPU
		{B3E409E4-D8EA-43C8-A8C9-35F15CE913EA}.Release|Any CPU.ActiveCfg = Release|Any CPU
		{B3E409E4-D8EA-43C8-A8C9-35F15CE913EA}.Release|Any CPU.Build.0 = Release|Any CPU
	EndGlobalSection
	GlobalSection(SolutionProperties) = preSolution
		HideSolutionNode = FALSE
	EndGlobalSection
	GlobalSection(ExtensibilityGlobals) = postSolution
		SolutionGuid = {2549A563-A8F5-447A-AFA9-DBD31D390668}
	EndGlobalSection
EndGlobal
